
{
  "requires": true,
  "lockfileVersion": 1,
  "dependencies": {
    "react-speech-recognition": {
      "version": "3.3.0",
      "resolved": "https://registry.npmjs.org/react-speech-recognition/-/react-speech-recognition-3.3.0.tgz",
      "integrity": "sha512-/1CBszYsIKIDOkHQTLnoa6hf9iEAznMhvy9MangpanZDt8cZre0Yb+8tEE7Lei808r9pZ63KdRkRJx3bJiTvdQ=="
    }
  }
}